
Microsoft Visual Studio Solution File, Format Version 12.00
# Visual Studio Version 16
VisualStudioVersion = 16.0.30413.136
MinimumVisualStudioVersion = 10.0.40219.1
Project("{FAE04EC0-301F-11D3-BF4B-00C04F79EFBC}") = "DesignPatterns", "DesignPatterns\DesignPatterns.csproj", "{584A5367-2913-47DB-9584-19662547EEAE}"
EndProject
Project("{FAE04EC0-301F-11D3-BF4B-00C04F79EFBC}") = "DesignPrinciples", "DesignPrinciples\DesignPrinciples.csproj", "{7B41F1D1-A4A1-42BF-8570-005DD68B80A7}"
EndProject
Project("{FAE04EC0-301F-11D3-BF4B-00C04F79EFBC}") = "SOLID", "SOLID\SOLID.csproj", "{1A7E9D64-3362-424A-BB16-CE5FB47A8E98}"
EndProject
Global
	GlobalSection(SolutionConfigurationPlatforms) = preSolution
		Debug|Any CPU = Debug|Any CPU
		Release|Any CPU = Release|Any CPU
	EndGlobalSection
	GlobalSection(ProjectConfigurationPlatforms) = postSolution
		{584A5367-2913-47DB-9584-19662547EEAE}.Debug|Any CPU.ActiveCfg = Debug|Any CPU
		{584A5367-2913-47DB-9584-19662547EEAE}.Debug|Any CPU.Build.0 = Debug|Any CPU
		{584A5367-2913-47DB-9584-19662547EEAE}.Release|Any CPU.ActiveCfg = Release|Any CPU
		{584A5367-2913-47DB-9584-19662547EEAE}.Release|Any CPU.Build.0 = Release|Any CPU
		{7B41F1D1-A4A1-42BF-8570-005DD68B80A7}.Debug|Any CPU.ActiveCfg = Debug|Any CPU
		{7B41F1D1-A4A1-42BF-8570-005DD68B80A7}.Debug|Any CPU.Build.0 = Debug|Any CPU
		{7B41F1D1-A4A1-42BF-8570-005DD68B80A7}.Release|Any CPU.ActiveCfg = Release|Any CPU
		{7B41F1D1-A4A1-42BF-8570-005DD68B80A7}.Release|Any CPU.Build.0 = Release|Any CPU
		{1A7E9D64-3362-424A-BB16-CE5FB47A8E98}.Debug|Any CPU.ActiveCfg = Debug|Any CPU
		{1A7E9D64-3362-424A-BB16-CE5FB47A8E98}.Debug|Any CPU.Build.0 = Debug|Any CPU
		{1A7E9D64-3362-424A-BB16-CE5FB47A8E98}.Release|Any CPU.ActiveCfg = Release|Any CPU
		{1A7E9D64-3362-424A-BB16-CE5FB47A8E98}.Release|Any CPU.Build.0 = Release|Any CPU
	EndGlobalSection
	GlobalSection(SolutionProperties) = preSolution
		HideSolutionNode = FALSE
	EndGlobalSection
	GlobalSection(ExtensibilityGlobals) = postSolution
		SolutionGuid = {843B20DA-52A7-40D0-9B96-5670B4776E52}
	EndGlobalSection
EndGlobal
